
Microsoft Visual Studio Solution File, Format Version 12.00
# Visual Studio Version 18
VisualStudioVersion = 18.0.11205.157
MinimumVisualStudioVersion = 10.0.40219.1
Project("{FAE04EC0-301F-11D3-BF4B-00C04F79EFBC}") = "HrPlatform.Web", "HrPlatform.Web\HrPlatform.Web.csproj", "{F8D811C8-3859-4E53-B11C-2C0960D6D94C}"
EndProject
Project("{2150E333-8FDC-42A3-9474-1A3956D46DE8}") = "solution-items", "solution-items", "{2AFFE018-6626-4756-A98E-2567E8BA256A}"
	ProjectSection(SolutionItems) = preProject
		.editorconfig = .editorconfig
		..\DevOps\.env = ..\DevOps\.env
		..\.gitignore = ..\.gitignore
		Directory.Build.props = Directory.Build.props
		Directory.Packages.props = Directory.Packages.props
		..\DevOps\docker-compose.yml = ..\DevOps\docker-compose.yml
		..\README.md = ..\README.md
	EndProjectSection
EndProject
Project("{FAE04EC0-301F-11D3-BF4B-00C04F79EFBC}") = "HrPlatform.Domain", "HrPlatform.Domain\HrPlatform.Domain.csproj", "{7F65679D-1B0F-49FF-BA3E-CB4F262EE72F}"
EndProject
Project("{FAE04EC0-301F-11D3-BF4B-00C04F79EFBC}") = "HrPlatform.Application", "HrPlatform.Application\HrPlatform.Application.csproj", "{0FB7027E-63C8-42D0-B696-AFD98B39298E}"
EndProject
Project("{FAE04EC0-301F-11D3-BF4B-00C04F79EFBC}") = "HrPlatform.Persistence.Postgre", "HrPlatform.Persistence.Postgre\HrPlatform.Persistence.Postgre.csproj", "{D7DBB891-B2D5-4A75-9A92-D147A63180ED}"
EndProject
Project("{FAE04EC0-301F-11D3-BF4B-00C04F79EFBC}") = "HrPlatform.MessageBus.RabbitMQ", "HrPlatform.MessageBus.RabbiMQ\HrPlatform.MessageBus.RabbitMQ.csproj", "{2250BC81-1863-4463-ADE3-AE633412946D}"
EndProject
Project("{FAE04EC0-301F-11D3-BF4B-00C04F79EFBC}") = "HrPlatform.Common", "HrPlatform.Common\HrPlatform.Common.csproj", "{BA6EAA2C-6CC4-409A-BBA4-9AB52DDB8EE3}"
EndProject
Project("{FAE04EC0-301F-11D3-BF4B-00C04F79EFBC}") = "HrPlatform.Tests", "HrPlatform.Tests\HrPlatform.Tests.csproj", "{B6D6D326-FECE-45DF-A5FC-FD5726F0C206}"
EndProject
Project("{FAE04EC0-301F-11D3-BF4B-00C04F79EFBC}") = "HrPlatform.Infrastructure", "HrPlatform.Infrastructure\HrPlatform.Infrastructure.csproj", "{2EFDC3A3-6541-479D-B8E7-DE09E7529335}"
EndProject
Project("{FAE04EC0-301F-11D3-BF4B-00C04F79EFBC}") = "HrPlatform.Infrastructure.FileStorage", "HrPlatform.Infrastructure.FileStorage\HrPlatform.Infrastructure.FileStorage.csproj", "{4B361EC8-3CE8-415C-9126-EBC384B5DB0C}"
EndProject
Global
	GlobalSection(SolutionConfigurationPlatforms) = preSolution
		Debug|Any CPU = Debug|Any CPU
		Debug|x64 = Debug|x64
		Debug|x86 = Debug|x86
		Release|Any CPU = Release|Any CPU
		Release|x64 = Release|x64
		Release|x86 = Release|x86
	EndGlobalSection
	GlobalSection(ProjectConfigurationPlatforms) = postSolution
		{F8D811C8-3859-4E53-B11C-2C0960D6D94C}.Debug|Any CPU.ActiveCfg = Debug|Any CPU
		{F8D811C8-3859-4E53-B11C-2C0960D6D94C}.Debug|Any CPU.Build.0 = Debug|Any CPU
		{F8D811C8-3859-4E53-B11C-2C0960D6D94C}.Debug|x64.ActiveCfg = Debug|Any CPU
		{F8D811C8-3859-4E53-B11C-2C0960D6D94C}.Debug|x64.Build.0 = Debug|Any CPU
		{F8D811C8-3859-4E53-B11C-2C0960D6D94C}.Debug|x86.ActiveCfg = Debug|Any CPU
		{F8D811C8-3859-4E53-B11C-2C0960D6D94C}.Debug|x86.Build.0 = Debug|Any CPU
		{F8D811C8-3859-4E53-B11C-2C0960D6D94C}.Release|Any CPU.ActiveCfg = Release|Any CPU
		{F8D811C8-3859-4E53-B11C-2C0960D6D94C}.Release|Any CPU.Build.0 = Release|Any CPU
		{F8D811C8-3859-4E53-B11C-2C0960D6D94C}.Release|x64.ActiveCfg = Release|Any CPU
		{F8D811C8-3859-4E53-B11C-2C0960D6D94C}.Release|x64.Build.0 = Release|Any CPU
		{F8D811C8-3859-4E53-B11C-2C0960D6D94C}.Release|x86.ActiveCfg = Release|Any CPU
		{F8D811C8-3859-4E53-B11C-2C0960D6D94C}.Release|x86.Build.0 = Release|Any CPU
		{7F65679D-1B0F-49FF-BA3E-CB4F262EE72F}.Debug|Any CPU.ActiveCfg = Debug|Any CPU
		{7F65679D-1B0F-49FF-BA3E-CB4F262EE72F}.Debug|Any CPU.Build.0 = Debug|Any CPU
		{7F65679D-1B0F-49FF-BA3E-CB4F262EE72F}.Debug|x64.ActiveCfg = Debug|Any CPU
		{7F65679D-1B0F-49FF-BA3E-CB4F262EE72F}.Debug|x64.Build.0 = Debug|Any CPU
		{7F65679D-1B0F-49FF-BA3E-CB4F262EE72F}.Debug|x86.ActiveCfg = Debug|Any CPU
		{7F65679D-1B0F-49FF-BA3E-CB4F262EE72F}.Debug|x86.Build.0 = Debug|Any CPU
		{7F65679D-1B0F-49FF-BA3E-CB4F262EE72F}.Release|Any CPU.ActiveCfg = Release|Any CPU
		{7F65679D-1B0F-49FF-BA3E-CB4F262EE72F}.Release|Any CPU.Build.0 = Release|Any CPU
		{7F65679D-1B0F-49FF-BA3E-CB4F262EE72F}.Release|x64.ActiveCfg = Release|Any CPU
		{7F65679D-1B0F-49FF-BA3E-CB4F262EE72F}.Release|x64.Build.0 = Release|Any CPU
		{7F65679D-1B0F-49FF-BA3E-CB4F262EE72F}.Release|x86.ActiveCfg = Release|Any CPU
		{7F65679D-1B0F-49FF-BA3E-CB4F262EE72F}.Release|x86.Build.0 = Release|Any CPU
		{0FB7027E-63C8-42D0-B696-AFD98B39298E}.Debug|Any CPU.ActiveCfg = Debug|Any CPU
		{0FB7027E-63C8-42D0-B696-AFD98B39298E}.Debug|Any CPU.Build.0 = Debug|Any CPU
		{0FB7027E-63C8-42D0-B696-AFD98B39298E}.Debug|x64.ActiveCfg = Debug|Any CPU
		{0FB7027E-63C8-42D0-B696-AFD98B39298E}.Debug|x64.Build.0 = Debug|Any CPU
		{0FB7027E-63C8-42D0-B696-AFD98B39298E}.Debug|x86.ActiveCfg = Debug|Any CPU
		{0FB7027E-63C8-42D0-B696-AFD98B39298E}.Debug|x86.Build.0 = Debug|Any CPU
		{0FB7027E-63C8-42D0-B696-AFD98B39298E}.Release|Any CPU.ActiveCfg = Release|Any CPU
		{0FB7027E-63C8-42D0-B696-AFD98B39298E}.Release|Any CPU.Build.0 = Release|Any CPU
		{0FB7027E-63C8-42D0-B696-AFD98B39298E}.Release|x64.ActiveCfg = Release|Any CPU
		{0FB7027E-63C8-42D0-B696-AFD98B39298E}.Release|x64.Build.0 = Release|Any CPU
		{0FB7027E-63C8-42D0-B696-AFD98B39298E}.Release|x86.ActiveCfg = Release|Any CPU
		{0FB7027E-63C8-42D0-B696-AFD98B39298E}.Release|x86.Build.0 = Release|Any CPU
		{D7DBB891-B2D5-4A75-9A92-D147A63180ED}.Debug|Any CPU.ActiveCfg = Debug|Any CPU
		{D7DBB891-B2D5-4A75-9A92-D147A63180ED}.Debug|Any CPU.Build.0 = Debug|Any CPU
		{D7DBB891-B2D5-4A75-9A92-D147A63180ED}.Debug|x64.ActiveCfg = Debug|Any CPU
		{D7DBB891-B2D5-4A75-9A92-D147A63180ED}.Debug|x64.Build.0 = Debug|Any CPU
		{D7DBB891-B2D5-4A75-9A92-D147A63180ED}.Debug|x86.ActiveCfg = Debug|Any CPU
		{D7DBB891-B2D5-4A75-9A92-D147A63180ED}.Debug|x86.Build.0 = Debug|Any CPU
		{D7DBB891-B2D5-4A75-9A92-D147A63180ED}.Release|Any CPU.ActiveCfg = Release|Any CPU
		{D7DBB891-B2D5-4A75-9A92-D147A63180ED}.Release|Any CPU.Build.0 = Release|Any CPU
		{D7DBB891-B2D5-4A75-9A92-D147A63180ED}.Release|x64.ActiveCfg = Release|Any CPU
		{D7DBB891-B2D5-4A75-9A92-D147A63180ED}.Release|x64.Build.0 = Release|Any CPU
		{D7DBB891-B2D5-4A75-9A92-D147A63180ED}.Release|x86.ActiveCfg = Release|Any CPU
		{D7DBB891-B2D5-4A75-9A92-D147A63180ED}.Release|x86.Build.0 = Release|Any CPU
		{2250BC81-1863-4463-ADE3-AE633412946D}.Debug|Any CPU.ActiveCfg = Debug|Any CPU
		{2250BC81-1863-4463-ADE3-AE633412946D}.Debug|Any CPU.Build.0 = Debug|Any CPU
		{2250BC81-1863-4463-ADE3-AE633412946D}.Debug|x64.ActiveCfg = Debug|Any CPU
		{2250BC81-1863-4463-ADE3-AE633412946D}.Debug|x64.Build.0 = Debug|Any CPU
		{2250BC81-1863-4463-ADE3-AE633412946D}.Debug|x86.ActiveCfg = Debug|Any CPU
		{2250BC81-1863-4463-ADE3-AE633412946D}.Debug|x86.Build.0 = Debug|Any CPU
		{2250BC81-1863-4463-ADE3-AE633412946D}.Release|Any CPU.ActiveCfg = Release|Any CPU
		{2250BC81-1863-4463-ADE3-AE633412946D}.Release|Any CPU.Build.0 = Release|Any CPU
		{2250BC81-1863-4463-ADE3-AE633412946D}.Release|x64.ActiveCfg = Release|Any CPU
		{2250BC81-1863-4463-ADE3-AE633412946D}.Release|x64.Build.0 = Release|Any CPU
		{2250BC81-1863-4463-ADE3-AE633412946D}.Release|x86.ActiveCfg = Release|Any CPU
		{2250BC81-1863-4463-ADE3-AE633412946D}.Release|x86.Build.0 = Release|Any CPU
		{BA6EAA2C-6CC4-409A-BBA4-9AB52DDB8EE3}.Debug|Any CPU.ActiveCfg = Debug|Any CPU
		{BA6EAA2C-6CC4-409A-BBA4-9AB52DDB8EE3}.Debug|Any CPU.Build.0 = Debug|Any CPU
		{BA6EAA2C-6CC4-409A-BBA4-9AB52DDB8EE3}.Debug|x64.ActiveCfg = Debug|Any CPU
		{BA6EAA2C-6CC4-409A-BBA4-9AB52DDB8EE3}.Debug|x64.Build.0 = Debug|Any CPU
		{BA6EAA2C-6CC4-409A-BBA4-9AB52DDB8EE3}.Debug|x86.ActiveCfg = Debug|Any CPU
		{BA6EAA2C-6CC4-409A-BBA4-9AB52DDB8EE3}.Debug|x86.Build.0 = Debug|Any CPU
		{BA6EAA2C-6CC4-409A-BBA4-9AB52DDB8EE3}.Release|Any CPU.ActiveCfg = Release|Any CPU
		{BA6EAA2C-6CC4-409A-BBA4-9AB52DDB8EE3}.Release|Any CPU.Build.0 = Release|Any CPU
		{BA6EAA2C-6CC4-409A-BBA4-9AB52DDB8EE3}.Release|x64.ActiveCfg = Release|Any CPU
		{BA6EAA2C-6CC4-409A-BBA4-9AB52DDB8EE3}.Release|x64.Build.0 = Release|Any CPU
		{BA6EAA2C-6CC4-409A-BBA4-9AB52DDB8EE3}.Release|x86.ActiveCfg = Release|Any CPU
		{BA6EAA2C-6CC4-409A-BBA4-9AB52DDB8EE3}.Release|x86.Build.0 = Release|Any CPU
		{B6D6D326-FECE-45DF-A5FC-FD5726F0C206}.Debug|Any CPU.ActiveCfg = Debug|Any CPU
		{B6D6D326-FECE-45DF-A5FC-FD5726F0C206}.Debug|Any CPU.Build.0 = Debug|Any CPU
		{B6D6D326-FECE-45DF-A5FC-FD5726F0C206}.Debug|x64.ActiveCfg = Debug|Any CPU
		{B6D6D326-FECE-45DF-A5FC-FD5726F0C206}.Debug|x64.Build.0 = Debug|Any CPU
		{B6D6D326-FECE-45DF-A5FC-FD5726F0C206}.Debug|x86.ActiveCfg = Debug|Any CPU
		{B6D6D326-FECE-45DF-A5FC-FD5726F0C206}.Debug|x86.Build.0 = Debug|Any CPU
		{B6D6D326-FECE-45DF-A5FC-FD5726F0C206}.Release|Any CPU.ActiveCfg = Release|Any CPU
		{B6D6D326-FECE-45DF-A5FC-FD5726F0C206}.Release|Any CPU.Build.0 = Release|Any CPU
		{B6D6D326-FECE-45DF-A5FC-FD5726F0C206}.Release|x64.ActiveCfg = Release|Any CPU
		{B6D6D326-FECE-45DF-A5FC-FD5726F0C206}.Release|x64.Build.0 = Release|Any CPU
		{B6D6D326-FECE-45DF-A5FC-FD5726F0C206}.Release|x86.ActiveCfg = Release|Any CPU
		{B6D6D326-FECE-45DF-A5FC-FD5726F0C206}.Release|x86.Build.0 = Release|Any CPU
		{2EFDC3A3-6541-479D-B8E7-DE09E7529335}.Debug|Any CPU.ActiveCfg = Debug|Any CPU
		{2EFDC3A3-6541-479D-B8E7-DE09E7529335}.Debug|Any CPU.Build.0 = Debug|Any CPU
		{2EFDC3A3-6541-479D-B8E7-DE09E7529335}.Debug|x64.ActiveCfg = Debug|Any CPU
		{2EFDC3A3-6541-479D-B8E7-DE09E7529335}.Debug|x64.Build.0 = Debug|Any CPU
		{2EFDC3A3-6541-479D-B8E7-DE09E7529335}.Debug|x86.ActiveCfg = Debug|Any CPU
		{2EFDC3A3-6541-479D-B8E7-DE09E7529335}.Debug|x86.Build.0 = Debug|Any CPU
		{2EFDC3A3-6541-479D-B8E7-DE09E7529335}.Release|Any CPU.ActiveCfg = Release|Any CPU
		{2EFDC3A3-6541-479D-B8E7-DE09E7529335}.Release|Any CPU.Build.0 = Release|Any CPU
		{2EFDC3A3-6541-479D-B8E7-DE09E7529335}.Release|x64.ActiveCfg = Release|Any CPU
		{2EFDC3A3-6541-479D-B8E7-DE09E7529335}.Release|x64.Build.0 = Release|Any CPU
		{2EFDC3A3-6541-479D-B8E7-DE09E7529335}.Release|x86.ActiveCfg = Release|Any CPU
		{2EFDC3A3-6541-479D-B8E7-DE09E7529335}.Release|x86.Build.0 = Release|Any CPU
		{4B361EC8-3CE8-415C-9126-EBC384B5DB0C}.Debug|Any CPU.ActiveCfg = Debug|Any CPU
		{4B361EC8-3CE8-415C-9126-EBC384B5DB0C}.Debug|Any CPU.Build.0 = Debug|Any CPU
		{4B361EC8-3CE8-415C-9126-EBC384B5DB0C}.Debug|x64.ActiveCfg = Debug|Any CPU
		{4B361EC8-3CE8-415C-9126-EBC384B5DB0C}.Debug|x64.Build.0 = Debug|Any CPU
		{4B361EC8-3CE8-415C-9126-EBC384B5DB0C}.Debug|x86.ActiveCfg = Debug|Any CPU
		{4B361EC8-3CE8-415C-9126-EBC384B5DB0C}.Debug|x86.Build.0 = Debug|Any CPU
		{4B361EC8-3CE8-415C-9126-EBC384B5DB0C}.Release|Any CPU.ActiveCfg = Release|Any CPU
		{4B361EC8-3CE8-415C-9126-EBC384B5DB0C}.Release|Any CPU.Build.0 = Release|Any CPU
		{4B361EC8-3CE8-415C-9126-EBC384B5DB0C}.Release|x64.ActiveCfg = Release|Any CPU
		{4B361EC8-3CE8-415C-9126-EBC384B5DB0C}.Release|x64.Build.0 = Release|Any CPU
		{4B361EC8-3CE8-415C-9126-EBC384B5DB0C}.Release|x86.ActiveCfg = Release|Any CPU
		{4B361EC8-3CE8-415C-9126-EBC384B5DB0C}.Release|x86.Build.0 = Release|Any CPU
	EndGlobalSection
	GlobalSection(SolutionProperties) = preSolution
		HideSolutionNode = FALSE
	EndGlobalSection
	GlobalSection(ExtensibilityGlobals) = postSolution
		SolutionGuid = {F57BF211-792F-4686-B672-7ACC2ED10067}
	EndGlobalSection
EndGlobal
