
Microsoft Visual Studio Solution File, Format Version 12.00
# Visual Studio Version 18
VisualStudioVersion = 18.3.11312.210 d18.3
MinimumVisualStudioVersion = 10.0.40219.1
Project("{FAE04EC0-301F-11D3-BF4B-00C04F79EFBC}") = "HrPlatform.Web", "HrPlatform.Web\HrPlatform.Web.csproj", "{E80482F0-C1CA-4556-81BC-9A6A30371B25}"
EndProject
Project("{FAE04EC0-301F-11D3-BF4B-00C04F79EFBC}") = "HrPlatform.Application", "HrPlatform.Application\HrPlatform.Application.csproj", "{77B1B995-35BB-44CD-9168-FDED73BE7767}"
EndProject
Project("{FAE04EC0-301F-11D3-BF4B-00C04F79EFBC}") = "HrPlatform.Domain", "HrPlatform.Domain\HrPlatform.Domain.csproj", "{39FE521E-6F25-42D3-A992-4E0F3DB006F0}"
EndProject
Project("{FAE04EC0-301F-11D3-BF4B-00C04F79EFBC}") = "HrPlatform.Infrastructure", "HrPlatform.Infrastructure\HrPlatform.Infrastructure.csproj", "{4AC40D1B-7779-41A0-BC33-91FCEDEDD021}"
EndProject
Project("{2150E333-8FDC-42A3-9474-1A3956D46DE8}") = "solution-items", "solution-items", "{7D78773D-8F97-4261-95A3-A59F79C1882A}"
	ProjectSection(SolutionItems) = preProject
		..\.editorconfig = ..\.editorconfig
		..\.gitignore = ..\.gitignore
		..\README.md = ..\README.md
	EndProjectSection
EndProject
Global
	GlobalSection(SolutionConfigurationPlatforms) = preSolution
		Debug|Any CPU = Debug|Any CPU
		Debug|x64 = Debug|x64
		Debug|x86 = Debug|x86
		Release|Any CPU = Release|Any CPU
		Release|x64 = Release|x64
		Release|x86 = Release|x86
	EndGlobalSection
	GlobalSection(ProjectConfigurationPlatforms) = postSolution
		{E80482F0-C1CA-4556-81BC-9A6A30371B25}.Debug|Any CPU.ActiveCfg = Debug|Any CPU
		{E80482F0-C1CA-4556-81BC-9A6A30371B25}.Debug|Any CPU.Build.0 = Debug|Any CPU
		{E80482F0-C1CA-4556-81BC-9A6A30371B25}.Debug|x64.ActiveCfg = Debug|Any CPU
		{E80482F0-C1CA-4556-81BC-9A6A30371B25}.Debug|x64.Build.0 = Debug|Any CPU
		{E80482F0-C1CA-4556-81BC-9A6A30371B25}.Debug|x86.ActiveCfg = Debug|Any CPU
		{E80482F0-C1CA-4556-81BC-9A6A30371B25}.Debug|x86.Build.0 = Debug|Any CPU
		{E80482F0-C1CA-4556-81BC-9A6A30371B25}.Release|Any CPU.ActiveCfg = Release|Any CPU
		{E80482F0-C1CA-4556-81BC-9A6A30371B25}.Release|Any CPU.Build.0 = Release|Any CPU
		{E80482F0-C1CA-4556-81BC-9A6A30371B25}.Release|x64.ActiveCfg = Release|Any CPU
		{E80482F0-C1CA-4556-81BC-9A6A30371B25}.Release|x64.Build.0 = Release|Any CPU
		{E80482F0-C1CA-4556-81BC-9A6A30371B25}.Release|x86.ActiveCfg = Release|Any CPU
		{E80482F0-C1CA-4556-81BC-9A6A30371B25}.Release|x86.Build.0 = Release|Any CPU
		{77B1B995-35BB-44CD-9168-FDED73BE7767}.Debug|Any CPU.ActiveCfg = Debug|Any CPU
		{77B1B995-35BB-44CD-9168-FDED73BE7767}.Debug|Any CPU.Build.0 = Debug|Any CPU
		{77B1B995-35BB-44CD-9168-FDED73BE7767}.Debug|x64.ActiveCfg = Debug|Any CPU
		{77B1B995-35BB-44CD-9168-FDED73BE7767}.Debug|x64.Build.0 = Debug|Any CPU
		{77B1B995-35BB-44CD-9168-FDED73BE7767}.Debug|x86.ActiveCfg = Debug|Any CPU
		{77B1B995-35BB-44CD-9168-FDED73BE7767}.Debug|x86.Build.0 = Debug|Any CPU
		{77B1B995-35BB-44CD-9168-FDED73BE7767}.Release|Any CPU.ActiveCfg = Release|Any CPU
		{77B1B995-35BB-44CD-9168-FDED73BE7767}.Release|Any CPU.Build.0 = Release|Any CPU
		{77B1B995-35BB-44CD-9168-FDED73BE7767}.Release|x64.ActiveCfg = Release|Any CPU
		{77B1B995-35BB-44CD-9168-FDED73BE7767}.Release|x64.Build.0 = Release|Any CPU
		{77B1B995-35BB-44CD-9168-FDED73BE7767}.Release|x86.ActiveCfg = Release|Any CPU
		{77B1B995-35BB-44CD-9168-FDED73BE7767}.Release|x86.Build.0 = Release|Any CPU
		{39FE521E-6F25-42D3-A992-4E0F3DB006F0}.Debug|Any CPU.ActiveCfg = Debug|Any CPU
		{39FE521E-6F25-42D3-A992-4E0F3DB006F0}.Debug|Any CPU.Build.0 = Debug|Any CPU
		{39FE521E-6F25-42D3-A992-4E0F3DB006F0}.Debug|x64.ActiveCfg = Debug|Any CPU
		{39FE521E-6F25-42D3-A992-4E0F3DB006F0}.Debug|x64.Build.0 = Debug|Any CPU
		{39FE521E-6F25-42D3-A992-4E0F3DB006F0}.Debug|x86.ActiveCfg = Debug|Any CPU
		{39FE521E-6F25-42D3-A992-4E0F3DB006F0}.Debug|x86.Build.0 = Debug|Any CPU
		{39FE521E-6F25-42D3-A992-4E0F3DB006F0}.Release|Any CPU.ActiveCfg = Release|Any CPU
		{39FE521E-6F25-42D3-A992-4E0F3DB006F0}.Release|Any CPU.Build.0 = Release|Any CPU
		{39FE521E-6F25-42D3-A992-4E0F3DB006F0}.Release|x64.ActiveCfg = Release|Any CPU
		{39FE521E-6F25-42D3-A992-4E0F3DB006F0}.Release|x64.Build.0 = Release|Any CPU
		{39FE521E-6F25-42D3-A992-4E0F3DB006F0}.Release|x86.ActiveCfg = Release|Any CPU
		{39FE521E-6F25-42D3-A992-4E0F3DB006F0}.Release|x86.Build.0 = Release|Any CPU
		{4AC40D1B-7779-41A0-BC33-91FCEDEDD021}.Debug|Any CPU.ActiveCfg = Debug|Any CPU
		{4AC40D1B-7779-41A0-BC33-91FCEDEDD021}.Debug|Any CPU.Build.0 = Debug|Any CPU
		{4AC40D1B-7779-41A0-BC33-91FCEDEDD021}.Debug|x64.ActiveCfg = Debug|Any CPU
		{4AC40D1B-7779-41A0-BC33-91FCEDEDD021}.Debug|x64.Build.0 = Debug|Any CPU
		{4AC40D1B-7779-41A0-BC33-91FCEDEDD021}.Debug|x86.ActiveCfg = Debug|Any CPU
		{4AC40D1B-7779-41A0-BC33-91FCEDEDD021}.Debug|x86.Build.0 = Debug|Any CPU
		{4AC40D1B-7779-41A0-BC33-91FCEDEDD021}.Release|Any CPU.ActiveCfg = Release|Any CPU
		{4AC40D1B-7779-41A0-BC33-91FCEDEDD021}.Release|Any CPU.Build.0 = Release|Any CPU
		{4AC40D1B-7779-41A0-BC33-91FCEDEDD021}.Release|x64.ActiveCfg = Release|Any CPU
		{4AC40D1B-7779-41A0-BC33-91FCEDEDD021}.Release|x64.Build.0 = Release|Any CPU
		{4AC40D1B-7779-41A0-BC33-91FCEDEDD021}.Release|x86.ActiveCfg = Release|Any CPU
		{4AC40D1B-7779-41A0-BC33-91FCEDEDD021}.Release|x86.Build.0 = Release|Any CPU
	EndGlobalSection
	GlobalSection(SolutionProperties) = preSolution
		HideSolutionNode = FALSE
	EndGlobalSection
	GlobalSection(ExtensibilityGlobals) = postSolution
		SolutionGuid = {C854D95B-B1FE-4D47-905B-0045BA6C3347}
	EndGlobalSection
EndGlobal
